// !$*UTF8*$!
{
	archiveVersion = 1;
	classes = {
	};
	objectVersion = 77;
	objects = {

/* Begin PBXBuildFile section */
		D4F9FD792E4E09760045C0D3 /* OneSignalNotificationServiceExtension.appex in Embed Foundation Extensions */ = {isa = PBXBuildFile; fileRef = D4F9FD722E4E09760045C0D3 /* OneSignalNotificationServiceExtension.appex */; settings = {ATTRIBUTES = (RemoveHeadersOnCopy, ); }; };
		D4F9FD822E4E09DF0045C0D3 /* OneSignalExtension in Frameworks */ = {isa = PBXBuildFile; productRef = D4F9FD812E4E09DF0045C0D3 /* OneSignalExtension */; };
		D4F9FD842E4E09DF0045C0D3 /* OneSignalFramework in Frameworks */ = {isa = PBXBuildFile; productRef = D4F9FD832E4E09DF0045C0D3 /* OneSignalFramework */; };
		D4F9FD862E4E09DF0045C0D3 /* OneSignalInAppMessages in Frameworks */ = {isa = PBXBuildFile; productRef = D4F9FD852E4E09DF0045C0D3 /* OneSignalInAppMessages */; };
		D4F9FD882E4E09DF0045C0D3 /* OneSignalLocation in Frameworks */ = {isa = PBXBuildFile; productRef = D4F9FD872E4E09DF0045C0D3 /* OneSignalLocation */; };
		D4F9FD8B2E4E105B0045C0D3 /* AppsFlyerLib-Dynamic in Frameworks */ = {isa = PBXBuildFile; productRef = D4F9FD8A2E4E105B0045C0D3 /* AppsFlyerLib-Dynamic */; };
/* End PBXBuildFile section */

/* Begin PBXContainerItemProxy section */
		D4F9FD772E4E09760045C0D3 /* PBXContainerItemProxy */ = {
			isa = PBXContainerItemProxy;
			containerPortal = D47BCAAC2E4DF32A00D1FD7C /* Project object */;
			proxyType = 1;
			remoteGlobalIDString = D4F9FD712E4E09760045C0D3;
			remoteInfo = OneSignalNotificationServiceExtension;
		};
/* End PBXContainerItemProxy section */

/* Begin PBXCopyFilesBuildPhase section */
		D4F9FD7E2E4E09760045C0D3 /* Embed Foundation Extensions */ = {
			isa = PBXCopyFilesBuildPhase;
			buildActionMask = 2147483647;
			dstPath = "";
			dstSubfolderSpec = 13;
			files = (
				D4F9FD792E4E09760045C0D3 /* OneSignalNotificationServiceExtension.appex in Embed Foundation Extensions */,
			);
			name = "Embed Foundation Extensions";
			runOnlyForDeploymentPostprocessing = 0;
		};
/* End PBXCopyFilesBuildPhase section */

/* Begin PBXFileReference section */
		D47BCAB42E4DF32A00D1FD7C /* FireAppNotes.app */ = {isa = PBXFileReference; explicitFileType = wrapper.application; includeInIndex = 0; path = FireAppNotes.app; sourceTree = BUILT_PRODUCTS_DIR; };
		D4F9FD722E4E09760045C0D3 /* OneSignalNotificationServiceExtension.appex */ = {isa = PBXFileReference; explicitFileType = "wrapper.app-extension"; includeInIndex = 0; path = OneSignalNotificationServiceExtension.appex; sourceTree = BUILT_PRODUCTS_DIR; };
/* End PBXFileReference section */

/* Begin PBXFileSystemSynchronizedBuildFileExceptionSet section */
		D47BCAC62E4DF32C00D1FD7C /* Exceptions for "FireAppNotes" folder in "FireAppNotes" target */ = {
			isa = PBXFileSystemSynchronizedBuildFileExceptionSet;
			membershipExceptions = (
				Info.plist,
			);
			target = D47BCAB32E4DF32A00D1FD7C /* FireAppNotes */;
		};
		D4F9FD7D2E4E09760045C0D3 /* Exceptions for "OneSignalNotificationServiceExtension" folder in "OneSignalNotificationServiceExtension" target */ = {
			isa = PBXFileSystemSynchronizedBuildFileExceptionSet;
			membershipExceptions = (
				Info.plist,
			);
			target = D4F9FD712E4E09760045C0D3 /* OneSignalNotificationServiceExtension */;
		};
/* End PBXFileSystemSynchronizedBuildFileExceptionSet section */

/* Begin PBXFileSystemSynchronizedRootGroup section */
		D47BCAB62E4DF32A00D1FD7C /* FireAppNotes */ = {
			isa = PBXFileSystemSynchronizedRootGroup;
			exceptions = (
				D47BCAC62E4DF32C00D1FD7C /* Exceptions for "FireAppNotes" folder in "FireAppNotes" target */,
			);
			path = FireAppNotes;
			sourceTree = "<group>";
		};
		D4F9FD732E4E09760045C0D3 /* OneSignalNotificationServiceExtension */ = {
			isa = PBXFileSystemSynchronizedRootGroup;
			exceptions = (
				D4F9FD7D2E4E09760045C0D3 /* Exceptions for "OneSignalNotificationServiceExtension" folder in "OneSignalNotificationServiceExtension" target */,
			);
			path = OneSignalNotificationServiceExtension;
			sourceTree = "<group>";
		};
/* End PBXFileSystemSynchronizedRootGroup section */

/* Begin PBXFrameworksBuildPhase section */
		D47BCAB12E4DF32A00D1FD7C /* Frameworks */ = {
			isa = PBXFrameworksBuildPhase;
			buildActionMask = 2147483647;
			files = (
				D4F9FD862E4E09DF0045C0D3 /* OneSignalInAppMessages in Frameworks */,
				D4F9FD882E4E09DF0045C0D3 /* OneSignalLocation in Frameworks */,
				D4F9FD842E4E09DF0045C0D3 /* OneSignalFramework in Frameworks */,
				D4F9FD8B2E4E105B0045C0D3 /* AppsFlyerLib-Dynamic in Frameworks */,
			);
			runOnlyForDeploymentPostprocessing = 0;
		};
		D4F9FD6F2E4E09760045C0D3 /* Frameworks */ = {
			isa = PBXFrameworksBuildPhase;
			buildActionMask = 2147483647;
			files = (
				D4F9FD822E4E09DF0045C0D3 /* OneSignalExtension in Frameworks */,
			);
			runOnlyForDeploymentPostprocessing = 0;
		};
/* End PBXFrameworksBuildPhase section */

/* Begin PBXGroup section */
		D47BCAAB2E4DF32A00D1FD7C = {
			isa = PBXGroup;
			children = (
				D47BCAB62E4DF32A00D1FD7C /* FireAppNotes */,
				D4F9FD732E4E09760045C0D3 /* OneSignalNotificationServiceExtension */,
				D47BCAB52E4DF32A00D1FD7C /* Products */,
			);
			sourceTree = "<group>";
		};
		D47BCAB52E4DF32A00D1FD7C /* Products */ = {
			isa = PBXGroup;
			children = (
				D47BCAB42E4DF32A00D1FD7C /* FireAppNotes.app */,
				D4F9FD722E4E09760045C0D3 /* OneSignalNotificationServiceExtension.appex */,
			);
			name = Products;
			sourceTree = "<group>";
		};
/* End PBXGroup section */

/* Begin PBXNativeTarget section */
		D47BCAB32E4DF32A00D1FD7C /* FireAppNotes */ = {
			isa = PBXNativeTarget;
			buildConfigurationList = D47BCAC72E4DF32C00D1FD7C /* Build configuration list for PBXNativeTarget "FireAppNotes" */;
			buildPhases = (
				D47BCAB02E4DF32A00D1FD7C /* Sources */,
				D47BCAB12E4DF32A00D1FD7C /* Frameworks */,
				D47BCAB22E4DF32A00D1FD7C /* Resources */,
				D4F9FD7E2E4E09760045C0D3 /* Embed Foundation Extensions */,
			);
			buildRules = (
			);
			dependencies = (
				D4F9FD782E4E09760045C0D3 /* PBXTargetDependency */,
			);
			fileSystemSynchronizedGroups = (
				D47BCAB62E4DF32A00D1FD7C /* FireAppNotes */,
			);
			name = FireAppNotes;
			packageProductDependencies = (
				D4F9FD832E4E09DF0045C0D3 /* OneSignalFramework */,
				D4F9FD852E4E09DF0045C0D3 /* OneSignalInAppMessages */,
				D4F9FD872E4E09DF0045C0D3 /* OneSignalLocation */,
				D4F9FD8A2E4E105B0045C0D3 /* AppsFlyerLib-Dynamic */,
			);
			productName = FireAppNotes;
			productReference = D47BCAB42E4DF32A00D1FD7C /* FireAppNotes.app */;
			productType = "com.apple.product-type.application";
		};
		D4F9FD712E4E09760045C0D3 /* OneSignalNotificationServiceExtension */ = {
			isa = PBXNativeTarget;
			buildConfigurationList = D4F9FD7A2E4E09760045C0D3 /* Build configuration list for PBXNativeTarget "OneSignalNotificationServiceExtension" */;
			buildPhases = (
				D4F9FD6E2E4E09760045C0D3 /* Sources */,
				D4F9FD6F2E4E09760045C0D3 /* Frameworks */,
				D4F9FD702E4E09760045C0D3 /* Resources */,
			);
			buildRules = (
			);
			dependencies = (
			);
			fileSystemSynchronizedGroups = (
				D4F9FD732E4E09760045C0D3 /* OneSignalNotificationServiceExtension */,
			);
			name = OneSignalNotificationServiceExtension;
			packageProductDependencies = (
				D4F9FD812E4E09DF0045C0D3 /* OneSignalExtension */,
			);
			productName = OneSignalNotificationServiceExtension;
			productReference = D4F9FD722E4E09760045C0D3 /* OneSignalNotificationServiceExtension.appex */;
			productType = "com.apple.product-type.app-extension";
		};
/* End PBXNativeTarget section */

/* Begin PBXProject section */
		D47BCAAC2E4DF32A00D1FD7C /* Project object */ = {
			isa = PBXProject;
			attributes = {
				BuildIndependentTargetsInParallel = 1;
				LastSwiftUpdateCheck = 1620;
				LastUpgradeCheck = 1620;
				TargetAttributes = {
					D47BCAB32E4DF32A00D1FD7C = {
						CreatedOnToolsVersion = 16.2;
					};
					D4F9FD712E4E09760045C0D3 = {
						CreatedOnToolsVersion = 16.2;
					};
				};
			};
			buildConfigurationList = D47BCAAF2E4DF32A00D1FD7C /* Build configuration list for PBXProject "FireAppNotes" */;
			developmentRegion = en;
			hasScannedForEncodings = 0;
			knownRegions = (
				en,
				Base,
			);
			mainGroup = D47BCAAB2E4DF32A00D1FD7C;
			minimizedProjectReferenceProxies = 1;
			packageReferences = (
				D4F9FD802E4E09DF0045C0D3 /* XCRemoteSwiftPackageReference "OneSignal-iOS-SDK" */,
				D4F9FD892E4E105B0045C0D3 /* XCRemoteSwiftPackageReference "AppsFlyerFramework-Dynamic" */,
			);
			preferredProjectObjectVersion = 77;
			productRefGroup = D47BCAB52E4DF32A00D1FD7C /* Products */;
			projectDirPath = "";
			projectRoot = "";
			targets = (
				D47BCAB32E4DF32A00D1FD7C /* FireAppNotes */,
				D4F9FD712E4E09760045C0D3 /* OneSignalNotificationServiceExtension */,
			);
		};
/* End PBXProject section */

/* Begin PBXResourcesBuildPhase section */
		D47BCAB22E4DF32A00D1FD7C /* Resources */ = {
			isa = PBXResourcesBuildPhase;
			buildActionMask = 2147483647;
			files = (
			);
			runOnlyForDeploymentPostprocessing = 0;
		};
		D4F9FD702E4E09760045C0D3 /* Resources */ = {
			isa = PBXResourcesBuildPhase;
			buildActionMask = 2147483647;
			files = (
			);
			runOnlyForDeploymentPostprocessing = 0;
		};
/* End PBXResourcesBuildPhase section */

/* Begin PBXSourcesBuildPhase section */
		D47BCAB02E4DF32A00D1FD7C /* Sources */ = {
			isa = PBXSourcesBuildPhase;
			buildActionMask = 2147483647;
			files = (
			);
			runOnlyForDeploymentPostprocessing = 0;
		};
		D4F9FD6E2E4E09760045C0D3 /* Sources */ = {
			isa = PBXSourcesBuildPhase;
			buildActionMask = 2147483647;
			files = (
			);
			runOnlyForDeploymentPostprocessing = 0;
		};
/* End PBXSourcesBuildPhase section */

/* Begin PBXTargetDependency section */
		D4F9FD782E4E09760045C0D3 /* PBXTargetDependency */ = {
			isa = PBXTargetDependency;
			target = D4F9FD712E4E09760045C0D3 /* OneSignalNotificationServiceExtension */;
			targetProxy = D4F9FD772E4E09760045C0D3 /* PBXContainerItemProxy */;
		};
/* End PBXTargetDependency section */

/* Begin XCBuildConfiguration section */
		D47BCAC82E4DF32C00D1FD7C /* Debug */ = {
			isa = XCBuildConfiguration;
			buildSettings = {
				ASSETCATALOG_COMPILER_APPICON_NAME = AppIcon;
				ASSETCATALOG_COMPILER_GLOBAL_ACCENT_COLOR_NAME = AccentColor;
				CODE_SIGN_ENTITLEMENTS = FireAppNotes/FireAppNotes.entitlements;
				CODE_SIGN_STYLE = Manual;
				CURRENT_PROJECT_VERSION = 1;
				DEVELOPMENT_TEAM = "";
				GENERATE_INFOPLIST_FILE = YES;
				INFOPLIST_FILE = FireAppNotes/Info.plist;
				INFOPLIST_KEY_CFBundleDisplayName = "Fire Joker Notes App";
				INFOPLIST_KEY_NSUserTrackingUsageDescription = "Special offers and customized promotions made for you\n        \n        Advertising that reflects your personal preferences\n\n        An engaging experience designed around your needs\n\n        Supports keeping the app free for everyone";
				INFOPLIST_KEY_UIApplicationSupportsIndirectInputEvents = YES;
				INFOPLIST_KEY_UILaunchStoryboardName = LaunchScreen;
				INFOPLIST_KEY_UISupportedInterfaceOrientations = UIInterfaceOrientationPortrait;
				INFOPLIST_KEY_UISupportedInterfaceOrientations_iPad = "UIInterfaceOrientationLandscapeLeft UIInterfaceOrientationLandscapeRight UIInterfaceOrientationPortrait UIInterfaceOrientationPortraitUpsideDown";
				IPHONEOS_DEPLOYMENT_TARGET = 17;
				LD_RUNPATH_SEARCH_PATHS = (
					"$(inherited)",
					"@executable_path/Frameworks",
				);
				MARKETING_VERSION = 1.0.3;
				PRODUCT_BUNDLE_IDENTIFIER = com.afireappnotes.app;
				PRODUCT_NAME = "$(TARGET_NAME)";
				PROVISIONING_PROFILE_SPECIFIER = "";
				SUPPORTED_PLATFORMS = "iphoneos iphonesimulator";
				SUPPORTS_MACCATALYST = NO;
				SUPPORTS_MAC_DESIGNED_FOR_IPHONE_IPAD = NO;
				SUPPORTS_XR_DESIGNED_FOR_IPHONE_IPAD = NO;
				SWIFT_EMIT_LOC_STRINGS = YES;
				SWIFT_VERSION = 5.0;
				TARGETED_DEVICE_FAMILY = 1;
			};
			name = Debug;
		};
		D47BCAC92E4DF32C00D1FD7C /* Release */ = {
			isa = XCBuildConfiguration;
			buildSettings = {
				ASSETCATALOG_COMPILER_APPICON_NAME = AppIcon;
				ASSETCATALOG_COMPILER_GLOBAL_ACCENT_COLOR_NAME = AccentColor;
				CODE_SIGN_ENTITLEMENTS = FireAppNotes/FireAppNotes.entitlements;
				CODE_SIGN_STYLE = Manual;
				CURRENT_PROJECT_VERSION = 1;
				DEVELOPMENT_TEAM = "";
				GENERATE_INFOPLIST_FILE = YES;
				INFOPLIST_FILE = FireAppNotes/Info.plist;
				INFOPLIST_KEY_CFBundleDisplayName = "Fire Joker Notes App";
				INFOPLIST_KEY_NSUserTrackingUsageDescription = "Special offers and customized promotions made for you\n        \n        Advertising that reflects your personal preferences\n\n        An engaging experience designed around your needs\n\n        Supports keeping the app free for everyone";
				INFOPLIST_KEY_UIApplicationSupportsIndirectInputEvents = YES;
				INFOPLIST_KEY_UILaunchStoryboardName = LaunchScreen;
				INFOPLIST_KEY_UISupportedInterfaceOrientations = UIInterfaceOrientationPortrait;
				INFOPLIST_KEY_UISupportedInterfaceOrientations_iPad = "UIInterfaceOrientationLandscapeLeft UIInterfaceOrientationLandscapeRight UIInterfaceOrientationPortrait UIInterfaceOrientationPortraitUpsideDown";
				IPHONEOS_DEPLOYMENT_TARGET = 17;
				LD_RUNPATH_SEARCH_PATHS = (
					"$(inherited)",
					"@executable_path/Frameworks",
				);
				MARKETING_VERSION = 1.0.3;
				PRODUCT_BUNDLE_IDENTIFIER = com.afireappnotes.app;
				PRODUCT_NAME = "$(TARGET_NAME)";
				PROVISIONING_PROFILE_SPECIFIER = "";
				SUPPORTED_PLATFORMS = "iphoneos iphonesimulator";
				SUPPORTS_MACCATALYST = NO;
				SUPPORTS_MAC_DESIGNED_FOR_IPHONE_IPAD = NO;
				SUPPORTS_XR_DESIGNED_FOR_IPHONE_IPAD = NO;
				SWIFT_EMIT_LOC_STRINGS = YES;
				SWIFT_VERSION = 5.0;
				TARGETED_DEVICE_FAMILY = 1;
			};
			name = Release;
		};
		D47BCACA2E4DF32C00D1FD7C /* Debug */ = {
			isa = XCBuildConfiguration;
			buildSettings = {
				ALWAYS_SEARCH_USER_PATHS = NO;
				ASSETCATALOG_COMPILER_GENERATE_SWIFT_ASSET_SYMBOL_EXTENSIONS = YES;
				CLANG_ANALYZER_NONNULL = YES;
				CLANG_ANALYZER_NUMBER_OBJECT_CONVERSION = YES_AGGRESSIVE;
				CLANG_CXX_LANGUAGE_STANDARD = "gnu++20";
				CLANG_ENABLE_MODULES = YES;
				CLANG_ENABLE_OBJC_ARC = YES;
				CLANG_ENABLE_OBJC_WEAK = YES;
				CLANG_WARN_BLOCK_CAPTURE_AUTORELEASING = YES;
				CLANG_WARN_BOOL_CONVERSION = YES;
				CLANG_WARN_COMMA = YES;
				CLANG_WARN_CONSTANT_CONVERSION = YES;
				CLANG_WARN_DEPRECATED_OBJC_IMPLEMENTATIONS = YES;
				CLANG_WARN_DIRECT_OBJC_ISA_USAGE = YES_ERROR;
				CLANG_WARN_DOCUMENTATION_COMMENTS = YES;
				CLANG_WARN_EMPTY_BODY = YES;
				CLANG_WARN_ENUM_CONVERSION = YES;
				CLANG_WARN_INFINITE_RECURSION = YES;
				CLANG_WARN_INT_CONVERSION = YES;
				CLANG_WARN_NON_LITERAL_NULL_CONVERSION = YES;
				CLANG_WARN_OBJC_IMPLICIT_RETAIN_SELF = YES;
				CLANG_WARN_OBJC_LITERAL_CONVERSION = YES;
				CLANG_WARN_OBJC_ROOT_CLASS = YES_ERROR;
				CLANG_WARN_QUOTED_INCLUDE_IN_FRAMEWORK_HEADER = YES;
				CLANG_WARN_RANGE_LOOP_ANALYSIS = YES;
				CLANG_WARN_STRICT_PROTOTYPES = YES;
				CLANG_WARN_SUSPICIOUS_MOVE = YES;
				CLANG_WARN_UNGUARDED_AVAILABILITY = YES_AGGRESSIVE;
				CLANG_WARN_UNREACHABLE_CODE = YES;
				CLANG_WARN__DUPLICATE_METHOD_MATCH = YES;
				COPY_PHASE_STRIP = NO;
				DEBUG_INFORMATION_FORMAT = dwarf;
				ENABLE_STRICT_OBJC_MSGSEND = YES;
				ENABLE_TESTABILITY = YES;
				ENABLE_USER_SCRIPT_SANDBOXING = YES;
				GCC_C_LANGUAGE_STANDARD = gnu17;
				GCC_DYNAMIC_NO_PIC = NO;
				GCC_NO_COMMON_BLOCKS = YES;
				GCC_OPTIMIZATION_LEVEL = 0;
				GCC_PREPROCESSOR_DEFINITIONS = (
					"DEBUG=1",
					"$(inherited)",
				);
				GCC_WARN_64_TO_32_BIT_CONVERSION = YES;
				GCC_WARN_ABOUT_RETURN_TYPE = YES_ERROR;
				GCC_WARN_UNDECLARED_SELECTOR = YES;
				GCC_WARN_UNINITIALIZED_AUTOS = YES_AGGRESSIVE;
				GCC_WARN_UNUSED_FUNCTION = YES;
				GCC_WARN_UNUSED_VARIABLE = YES;
				IPHONEOS_DEPLOYMENT_TARGET = 18.2;
				LOCALIZATION_PREFERS_STRING_CATALOGS = YES;
				MTL_ENABLE_DEBUG_INFO = INCLUDE_SOURCE;
				MTL_FAST_MATH = YES;
				ONLY_ACTIVE_ARCH = YES;
				SDKROOT = iphoneos;
				SWIFT_ACTIVE_COMPILATION_CONDITIONS = "DEBUG $(inherited)";
				SWIFT_OPTIMIZATION_LEVEL = "-Onone";
			};
			name = Debug;
		};
		D47BCACB2E4DF32C00D1FD7C /* Release */ = {
			isa = XCBuildConfiguration;
			buildSettings = {
				ALWAYS_SEARCH_USER_PATHS = NO;
				ASSETCATALOG_COMPILER_GENERATE_SWIFT_ASSET_SYMBOL_EXTENSIONS = YES;
				CLANG_ANALYZER_NONNULL = YES;
				CLANG_ANALYZER_NUMBER_OBJECT_CONVERSION = YES_AGGRESSIVE;
				CLANG_CXX_LANGUAGE_STANDARD = "gnu++20";
				CLANG_ENABLE_MODULES = YES;
				CLANG_ENABLE_OBJC_ARC = YES;
				CLANG_ENABLE_OBJC_WEAK = YES;
				CLANG_WARN_BLOCK_CAPTURE_AUTORELEASING = YES;
				CLANG_WARN_BOOL_CONVERSION = YES;
				CLANG_WARN_COMMA = YES;
				CLANG_WARN_CONSTANT_CONVERSION = YES;
				CLANG_WARN_DEPRECATED_OBJC_IMPLEMENTATIONS = YES;
				CLANG_WARN_DIRECT_OBJC_ISA_USAGE = YES_ERROR;
				CLANG_WARN_DOCUMENTATION_COMMENTS = YES;
				CLANG_WARN_EMPTY_BODY = YES;
				CLANG_WARN_ENUM_CONVERSION = YES;
				CLANG_WARN_INFINITE_RECURSION = YES;
				CLANG_WARN_INT_CONVERSION = YES;
				CLANG_WARN_NON_LITERAL_NULL_CONVERSION = YES;
				CLANG_WARN_OBJC_IMPLICIT_RETAIN_SELF = YES;
				CLANG_WARN_OBJC_LITERAL_CONVERSION = YES;
				CLANG_WARN_OBJC_ROOT_CLASS = YES_ERROR;
				CLANG_WARN_QUOTED_INCLUDE_IN_FRAMEWORK_HEADER = YES;
				CLANG_WARN_RANGE_LOOP_ANALYSIS = YES;
				CLANG_WARN_STRICT_PROTOTYPES = YES;
				CLANG_WARN_SUSPICIOUS_MOVE = YES;
				CLANG_WARN_UNGUARDED_AVAILABILITY = YES_AGGRESSIVE;
				CLANG_WARN_UNREACHABLE_CODE = YES;
				CLANG_WARN__DUPLICATE_METHOD_MATCH = YES;
				COPY_PHASE_STRIP = NO;
				DEBUG_INFORMATION_FORMAT = "dwarf-with-dsym";
				ENABLE_NS_ASSERTIONS = NO;
				ENABLE_STRICT_OBJC_MSGSEND = YES;
				ENABLE_USER_SCRIPT_SANDBOXING = YES;
				GCC_C_LANGUAGE_STANDARD = gnu17;
				GCC_NO_COMMON_BLOCKS = YES;
				GCC_WARN_64_TO_32_BIT_CONVERSION = YES;
				GCC_WARN_ABOUT_RETURN_TYPE = YES_ERROR;
				GCC_WARN_UNDECLARED_SELECTOR = YES;
				GCC_WARN_UNINITIALIZED_AUTOS = YES_AGGRESSIVE;
				GCC_WARN_UNUSED_FUNCTION = YES;
				GCC_WARN_UNUSED_VARIABLE = YES;
				IPHONEOS_DEPLOYMENT_TARGET = 18.2;
				LOCALIZATION_PREFERS_STRING_CATALOGS = YES;
				MTL_ENABLE_DEBUG_INFO = NO;
				MTL_FAST_MATH = YES;
				SDKROOT = iphoneos;
				SWIFT_COMPILATION_MODE = wholemodule;
				VALIDATE_PRODUCT = YES;
			};
			name = Release;
		};
		D4F9FD7B2E4E09760045C0D3 /* Debug */ = {
			isa = XCBuildConfiguration;
			buildSettings = {
				CODE_SIGN_ENTITLEMENTS = OneSignalNotificationServiceExtension/OneSignalNotificationServiceExtension.entitlements;
				CODE_SIGN_STYLE = Automatic;
				CURRENT_PROJECT_VERSION = 1;
				DEVELOPMENT_TEAM = "";
				GENERATE_INFOPLIST_FILE = YES;
				INFOPLIST_FILE = OneSignalNotificationServiceExtension/Info.plist;
				INFOPLIST_KEY_CFBundleDisplayName = OneSignalNotificationServiceExtension;
				INFOPLIST_KEY_NSHumanReadableCopyright = "";
				IPHONEOS_DEPLOYMENT_TARGET = 17;
				LD_RUNPATH_SEARCH_PATHS = (
					"$(inherited)",
					"@executable_path/Frameworks",
					"@executable_path/../../Frameworks",
				);
				MARKETING_VERSION = 1.0;
				PRODUCT_BUNDLE_IDENTIFIER = com.afireappnotes.app.OneSignalNotificationServiceExtension;
				PRODUCT_NAME = "$(TARGET_NAME)";
				SKIP_INSTALL = YES;
				SWIFT_EMIT_LOC_STRINGS = YES;
				SWIFT_VERSION = 5.0;
				TARGETED_DEVICE_FAMILY = "1,2";
			};
			name = Debug;
		};
		D4F9FD7C2E4E09760045C0D3 /* Release */ = {
			isa = XCBuildConfiguration;
			buildSettings = {
				CODE_SIGN_ENTITLEMENTS = OneSignalNotificationServiceExtension/OneSignalNotificationServiceExtension.entitlements;
				CODE_SIGN_STYLE = Automatic;
				CURRENT_PROJECT_VERSION = 1;
				DEVELOPMENT_TEAM = "";
				GENERATE_INFOPLIST_FILE = YES;
				INFOPLIST_FILE = OneSignalNotificationServiceExtension/Info.plist;
				INFOPLIST_KEY_CFBundleDisplayName = OneSignalNotificationServiceExtension;
				INFOPLIST_KEY_NSHumanReadableCopyright = "";
				IPHONEOS_DEPLOYMENT_TARGET = 17;
				LD_RUNPATH_SEARCH_PATHS = (
					"$(inherited)",
					"@executable_path/Frameworks",
					"@executable_path/../../Frameworks",
				);
				MARKETING_VERSION = 1.0;
				PRODUCT_BUNDLE_IDENTIFIER = com.afireappnotes.app.OneSignalNotificationServiceExtension;
				PRODUCT_NAME = "$(TARGET_NAME)";
				SKIP_INSTALL = YES;
				SWIFT_EMIT_LOC_STRINGS = YES;
				SWIFT_VERSION = 5.0;
				TARGETED_DEVICE_FAMILY = "1,2";
			};
			name = Release;
		};
/* End XCBuildConfiguration section */

/* Begin XCConfigurationList section */
		D47BCAAF2E4DF32A00D1FD7C /* Build configuration list for PBXProject "FireAppNotes" */ = {
			isa = XCConfigurationList;
			buildConfigurations = (
				D47BCACA2E4DF32C00D1FD7C /* Debug */,
				D47BCACB2E4DF32C00D1FD7C /* Release */,
			);
			defaultConfigurationIsVisible = 0;
			defaultConfigurationName = Release;
		};
		D47BCAC72E4DF32C00D1FD7C /* Build configuration list for PBXNativeTarget "FireAppNotes" */ = {
			isa = XCConfigurationList;
			buildConfigurations = (
				D47BCAC82E4DF32C00D1FD7C /* Debug */,
				D47BCAC92E4DF32C00D1FD7C /* Release */,
			);
			defaultConfigurationIsVisible = 0;
			defaultConfigurationName = Release;
		};
		D4F9FD7A2E4E09760045C0D3 /* Build configuration list for PBXNativeTarget "OneSignalNotificationServiceExtension" */ = {
			isa = XCConfigurationList;
			buildConfigurations = (
				D4F9FD7B2E4E09760045C0D3 /* Debug */,
				D4F9FD7C2E4E09760045C0D3 /* Release */,
			);
			defaultConfigurationIsVisible = 0;
			defaultConfigurationName = Release;
		};
/* End XCConfigurationList section */

/* Begin XCRemoteSwiftPackageReference section */
		D4F9FD802E4E09DF0045C0D3 /* XCRemoteSwiftPackageReference "OneSignal-iOS-SDK" */ = {
			isa = XCRemoteSwiftPackageReference;
			repositoryURL = "https://github.com/OneSignal/OneSignal-iOS-SDK";
			requirement = {
				kind = exactVersion;
				version = 5.2.8;
			};
		};
		D4F9FD892E4E105B0045C0D3 /* XCRemoteSwiftPackageReference "AppsFlyerFramework-Dynamic" */ = {
			isa = XCRemoteSwiftPackageReference;
			repositoryURL = "https://github.com/AppsFlyerSDK/AppsFlyerFramework-Dynamic";
			requirement = {
				kind = upToNextMajorVersion;
				minimumVersion = 6.17.2;
			};
		};
/* End XCRemoteSwiftPackageReference section */

/* Begin XCSwiftPackageProductDependency section */
		D4F9FD812E4E09DF0045C0D3 /* OneSignalExtension */ = {
			isa = XCSwiftPackageProductDependency;
			package = D4F9FD802E4E09DF0045C0D3 /* XCRemoteSwiftPackageReference "OneSignal-iOS-SDK" */;
			productName = OneSignalExtension;
		};
		D4F9FD832E4E09DF0045C0D3 /* OneSignalFramework */ = {
			isa = XCSwiftPackageProductDependency;
			package = D4F9FD802E4E09DF0045C0D3 /* XCRemoteSwiftPackageReference "OneSignal-iOS-SDK" */;
			productName = OneSignalFramework;
		};
		D4F9FD852E4E09DF0045C0D3 /* OneSignalInAppMessages */ = {
			isa = XCSwiftPackageProductDependency;
			package = D4F9FD802E4E09DF0045C0D3 /* XCRemoteSwiftPackageReference "OneSignal-iOS-SDK" */;
			productName = OneSignalInAppMessages;
		};
		D4F9FD872E4E09DF0045C0D3 /* OneSignalLocation */ = {
			isa = XCSwiftPackageProductDependency;
			package = D4F9FD802E4E09DF0045C0D3 /* XCRemoteSwiftPackageReference "OneSignal-iOS-SDK" */;
			productName = OneSignalLocation;
		};
		D4F9FD8A2E4E105B0045C0D3 /* AppsFlyerLib-Dynamic */ = {
			isa = XCSwiftPackageProductDependency;
			package = D4F9FD892E4E105B0045C0D3 /* XCRemoteSwiftPackageReference "AppsFlyerFramework-Dynamic" */;
			productName = "AppsFlyerLib-Dynamic";
		};
/* End XCSwiftPackageProductDependency section */
	};
	rootObject = D47BCAAC2E4DF32A00D1FD7C /* Project object */;
}
