{
  "originHash" : "c10023263a9dacb2905ffc5e080ad55f1df0f801b71b64c7be1bc557b30aeb57",
  "pins" : [
    {
      "identity" : "appsflyerframework-dynamic",
      "kind" : "remoteSourceControl",
      "location" : "https://github.com/AppsFlyerSDK/AppsFlyerFramework-Dynamic",
      "state" : {
        "revision" : "f7f5e508e1125914f0a0177c8c033c3143c4d88a",
        "version" : "6.17.2"
      }
    },
    {
      "identity" : "onesignal-ios-sdk",
      "kind" : "remoteSourceControl",
      "location" : "https://github.com/OneSignal/OneSignal-iOS-SDK",
      "state" : {
        "revision" : "d1a45fd5e791fa0889bb89368e0f6c08350e6b8f",
        "version" : "5.2.8"
      }
    }
  ],
  "version" : 3
}
